// !$*UTF8*$!
{
	archiveVersion = 1;
	classes = {
	};
	objectVersion = 46;
	objects = {

/* Begin PBXBuildFile section */
		598C77221B14219F00C3C8DF /* AppDelegate.swift in Sources */ = {isa = PBXBuildFile; fileRef = 598C77211B14219F00C3C8DF /* AppDelegate.swift */; };
		598C77241B14219F00C3C8DF /* ViewController.swift in Sources */ = {isa = PBXBuildFile; fileRef = 598C77231B14219F00C3C8DF /* ViewController.swift */; };
		598C77271B1421A000C3C8DF /* Main.storyboard in Resources */ = {isa = PBXBuildFile; fileRef = 598C77251B1421A000C3C8DF /* Main.storyboard */; };
		598C77291B1421A000C3C8DF /* Images.xcassets in Resources */ = {isa = PBXBuildFile; fileRef = 598C77281B1421A000C3C8DF /* Images.xcassets */; };
		598C772C1B1421A000C3C8DF /* LaunchScreen.xib in Resources */ = {isa = PBXBuildFile; fileRef = 598C772A1B1421A000C3C8DF /* LaunchScreen.xib */; };
		598C77381B1421A000C3C8DF /* PostcardTests.swift in Sources */ = {isa = PBXBuildFile; fileRef = 598C77371B1421A000C3C8DF /* PostcardTests.swift */; };
		598C77421B1428B300C3C8DF /* SagradaFamilia.jpeg in Resources */ = {isa = PBXBuildFile; fileRef = 598C77411B1428B300C3C8DF /* SagradaFamilia.jpeg */; };
		598C77441B142B4800C3C8DF /* AlbertEinsteinStamp.jpg in Resources */ = {isa = PBXBuildFile; fileRef = 598C77431B142B4800C3C8DF /* AlbertEinsteinStamp.jpg */; };
/* End PBXBuildFile section */

/* Begin PBXContainerItemProxy section */
		598C77321B1421A000C3C8DF /* PBXContainerItemProxy */ = {
			isa = PBXContainerItemProxy;
			containerPortal = 598C77141B14219E00C3C8DF /* Project object */;
			proxyType = 1;
			remoteGlobalIDString = 598C771B1B14219F00C3C8DF;
			remoteInfo = Postcard;
		};
/* End PBXContainerItemProxy section */

/* Begin PBXFileReference section */
		598C771C1B14219F00C3C8DF /* Postcard.app */ = {isa = PBXFileReference; explicitFileType = wrapper.application; includeInIndex = 0; path = Postcard.app; sourceTree = BUILT_PRODUCTS_DIR; };
		598C77201B14219F00C3C8DF /* Info.plist */ = {isa = PBXFileReference; lastKnownFileType = text.plist.xml; path = Info.plist; sourceTree = "<group>"; };
		598C77211B14219F00C3C8DF /* AppDelegate.swift */ = {isa = PBXFileReference; lastKnownFileType = sourcecode.swift; path = AppDelegate.swift; sourceTree = "<group>"; };
		598C77231B14219F00C3C8DF /* ViewController.swift */ = {isa = PBXFileReference; lastKnownFileType = sourcecode.swift; path = ViewController.swift; sourceTree = "<group>"; };
		598C77261B1421A000C3C8DF /* Base */ = {isa = PBXFileReference; lastKnownFileType = file.storyboard; name = Base; path = Base.lproj/Main.storyboard; sourceTree = "<group>"; };
		598C77281B1421A000C3C8DF /* Images.xcassets */ = {isa = PBXFileReference; lastKnownFileType = folder.assetcatalog; path = Images.xcassets; sourceTree = "<group>"; };
		598C772B1B1421A000C3C8DF /* Base */ = {isa = PBXFileReference; lastKnownFileType = file.xib; name = Base; path = Base.lproj/LaunchScreen.xib; sourceTree = "<group>"; };
		598C77311B1421A000C3C8DF /* PostcardTests.xctest */ = {isa = PBXFileReference; explicitFileType = wrapper.cfbundle; includeInIndex = 0; path = PostcardTests.xctest; sourceTree = BUILT_PRODUCTS_DIR; };
		598C77361B1421A000C3C8DF /* Info.plist */ = {isa = PBXFileReference; lastKnownFileType = text.plist.xml; path = Info.plist; sourceTree = "<group>"; };
		598C77371B1421A000C3C8DF /* PostcardTests.swift */ = {isa = PBXFileReference; lastKnownFileType = sourcecode.swift; path = PostcardTests.swift; sourceTree = "<group>"; };
		598C77411B1428B300C3C8DF /* SagradaFamilia.jpeg */ = {isa = PBXFileReference; lastKnownFileType = image.jpeg; path = SagradaFamilia.jpeg; sourceTree = "<group>"; };
		598C77431B142B4800C3C8DF /* AlbertEinsteinStamp.jpg */ = {isa = PBXFileReference; lastKnownFileType = image.jpeg; path = AlbertEinsteinStamp.jpg; sourceTree = "<group>"; };
/* End PBXFileReference section */

/* Begin PBXFrameworksBuildPhase section */
		598C77191B14219F00C3C8DF /* Frameworks */ = {
			isa = PBXFrameworksBuildPhase;
			buildActionMask = 2147483647;
			files = (
			);
			runOnlyForDeploymentPostprocessing = 0;
		};
		598C772E1B1421A000C3C8DF /* Frameworks */ = {
			isa = PBXFrameworksBuildPhase;
			buildActionMask = 2147483647;
			files = (
			);
			runOnlyForDeploymentPostprocessing = 0;
		};
/* End PBXFrameworksBuildPhase section */

/* Begin PBXGroup section */
		598C77131B14219E00C3C8DF = {
			isa = PBXGroup;
			children = (
				598C771E1B14219F00C3C8DF /* Postcard */,
				598C77341B1421A000C3C8DF /* PostcardTests */,
				598C771D1B14219F00C3C8DF /* Products */,
			);
			sourceTree = "<group>";
		};
		598C771D1B14219F00C3C8DF /* Products */ = {
			isa = PBXGroup;
			children = (
				598C771C1B14219F00C3C8DF /* Postcard.app */,
				598C77311B1421A000C3C8DF /* PostcardTests.xctest */,
			);
			name = Products;
			sourceTree = "<group>";
		};
		598C771E1B14219F00C3C8DF /* Postcard */ = {
			isa = PBXGroup;
			children = (
				598C77211B14219F00C3C8DF /* AppDelegate.swift */,
				598C77231B14219F00C3C8DF /* ViewController.swift */,
				598C77251B1421A000C3C8DF /* Main.storyboard */,
				598C77281B1421A000C3C8DF /* Images.xcassets */,
				598C772A1B1421A000C3C8DF /* LaunchScreen.xib */,
				598C771F1B14219F00C3C8DF /* Supporting Files */,
			);
			path = Postcard;
			sourceTree = "<group>";
		};
		598C771F1B14219F00C3C8DF /* Supporting Files */ = {
			isa = PBXGroup;
			children = (
				598C77411B1428B300C3C8DF /* SagradaFamilia.jpeg */,
				598C77431B142B4800C3C8DF /* AlbertEinsteinStamp.jpg */,
				598C77201B14219F00C3C8DF /* Info.plist */,
			);
			name = "Supporting Files";
			sourceTree = "<group>";
		};
		598C77341B1421A000C3C8DF /* PostcardTests */ = {
			isa = PBXGroup;
			children = (
				598C77371B1421A000C3C8DF /* PostcardTests.swift */,
				598C77351B1421A000C3C8DF /* Supporting Files */,
			);
			path = PostcardTests;
			sourceTree = "<group>";
		};
		598C77351B1421A000C3C8DF /* Supporting Files */ = {
			isa = PBXGroup;
			children = (
				598C77361B1421A000C3C8DF /* Info.plist */,
			);
			name = "Supporting Files";
			sourceTree = "<group>";
		};
/* End PBXGroup section */

/* Begin PBXNativeTarget section */
		598C771B1B14219F00C3C8DF /* Postcard */ = {
			isa = PBXNativeTarget;
			buildConfigurationList = 598C773B1B1421A000C3C8DF /* Build configuration list for PBXNativeTarget "Postcard" */;
			buildPhases = (
				598C77181B14219F00C3C8DF /* Sources */,
				598C77191B14219F00C3C8DF /* Frameworks */,
				598C771A1B14219F00C3C8DF /* Resources */,
			);
			buildRules = (
			);
			dependencies = (
			);
			name = Postcard;
			productName = Postcard;
			productReference = 598C771C1B14219F00C3C8DF /* Postcard.app */;
			productType = "com.apple.product-type.application";
		};
		598C77301B1421A000C3C8DF /* PostcardTests */ = {
			isa = PBXNativeTarget;
			buildConfigurationList = 598C773E1B1421A000C3C8DF /* Build configuration list for PBXNativeTarget "PostcardTests" */;
			buildPhases = (
				598C772D1B1421A000C3C8DF /* Sources */,
				598C772E1B1421A000C3C8DF /* Frameworks */,
				598C772F1B1421A000C3C8DF /* Resources */,
			);
			buildRules = (
			);
			dependencies = (
				598C77331B1421A000C3C8DF /* PBXTargetDependency */,
			);
			name = PostcardTests;
			productName = PostcardTests;
			productReference = 598C77311B1421A000C3C8DF /* PostcardTests.xctest */;
			productType = "com.apple.product-type.bundle.unit-test";
		};
/* End PBXNativeTarget section */

/* Begin PBXProject section */
		598C77141B14219E00C3C8DF /* Project object */ = {
			isa = PBXProject;
			attributes = {
				LastUpgradeCheck = 0630;
				ORGANIZATIONNAME = "Corey Robison";
				TargetAttributes = {
					598C771B1B14219F00C3C8DF = {
						CreatedOnToolsVersion = 6.3.1;
					};
					598C77301B1421A000C3C8DF = {
						CreatedOnToolsVersion = 6.3.1;
						TestTargetID = 598C771B1B14219F00C3C8DF;
					};
				};
			};
			buildConfigurationList = 598C77171B14219E00C3C8DF /* Build configuration list for PBXProject "Postcard" */;
			compatibilityVersion = "Xcode 3.2";
			developmentRegion = English;
			hasScannedForEncodings = 0;
			knownRegions = (
				en,
				Base,
			);
			mainGroup = 598C77131B14219E00C3C8DF;
			productRefGroup = 598C771D1B14219F00C3C8DF /* Products */;
			projectDirPath = "";
			projectRoot = "";
			targets = (
				598C771B1B14219F00C3C8DF /* Postcard */,
				598C77301B1421A000C3C8DF /* PostcardTests */,
			);
		};
/* End PBXProject section */

/* Begin PBXResourcesBuildPhase section */
		598C771A1B14219F00C3C8DF /* Resources */ = {
			isa = PBXResourcesBuildPhase;
			buildActionMask = 2147483647;
			files = (
				598C77271B1421A000C3C8DF /* Main.storyboard in Resources */,
				598C77421B1428B300C3C8DF /* SagradaFamilia.jpeg in Resources */,
				598C77441B142B4800C3C8DF /* AlbertEinsteinStamp.jpg in Resources */,
				598C772C1B1421A000C3C8DF /* LaunchScreen.xib in Resources */,
				598C77291B1421A000C3C8DF /* Images.xcassets in Resources */,
			);
			runOnlyForDeploymentPostprocessing = 0;
		};
		598C772F1B1421A000C3C8DF /* Resources */ = {
			isa = PBXResourcesBuildPhase;
			buildActionMask = 2147483647;
			files = (
			);
			runOnlyForDeploymentPostprocessing = 0;
		};
/* End PBXResourcesBuildPhase section */

/* Begin PBXSourcesBuildPhase section */
		598C77181B14219F00C3C8DF /* Sources */ = {
			isa = PBXSourcesBuildPhase;
			buildActionMask = 2147483647;
			files = (
				598C77241B14219F00C3C8DF /* ViewController.swift in Sources */,
				598C77221B14219F00C3C8DF /* AppDelegate.swift in Sources */,
			);
			runOnlyForDeploymentPostprocessing = 0;
		};
		598C772D1B1421A000C3C8DF /* Sources */ = {
			isa = PBXSourcesBuildPhase;
			buildActionMask = 2147483647;
			files = (
				598C77381B1421A000C3C8DF /* PostcardTests.swift in Sources */,
			);
			runOnlyForDeploymentPostprocessing = 0;
		};
/* End PBXSourcesBuildPhase section */

/* Begin PBXTargetDependency section */
		598C77331B1421A000C3C8DF /* PBXTargetDependency */ = {
			isa = PBXTargetDependency;
			target = 598C771B1B14219F00C3C8DF /* Postcard */;
			targetProxy = 598C77321B1421A000C3C8DF /* PBXContainerItemProxy */;
		};
/* End PBXTargetDependency section */

/* Begin PBXVariantGroup section */
		598C77251B1421A000C3C8DF /* Main.storyboard */ = {
			isa = PBXVariantGroup;
			children = (
				598C77261B1421A000C3C8DF /* Base */,
			);
			name = Main.storyboard;
			sourceTree = "<group>";
		};
		598C772A1B1421A000C3C8DF /* LaunchScreen.xib */ = {
			isa = PBXVariantGroup;
			children = (
				598C772B1B1421A000C3C8DF /* Base */,
			);
			name = LaunchScreen.xib;
			sourceTree = "<group>";
		};
/* End PBXVariantGroup section */

/* Begin XCBuildConfiguration section */
		598C77391B1421A000C3C8DF /* Debug */ = {
			isa = XCBuildConfiguration;
			buildSettings = {
				ALWAYS_SEARCH_USER_PATHS = NO;
				CLANG_CXX_LANGUAGE_STANDARD = "gnu++0x";
				CLANG_CXX_LIBRARY = "libc++";
				CLANG_ENABLE_MODULES = YES;
				CLANG_ENABLE_OBJC_ARC = YES;
				CLANG_WARN_BOOL_CONVERSION = YES;
				CLANG_WARN_CONSTANT_CONVERSION = YES;
				CLANG_WARN_DIRECT_OBJC_ISA_USAGE = YES_ERROR;
				CLANG_WARN_EMPTY_BODY = YES;
				CLANG_WARN_ENUM_CONVERSION = YES;
				CLANG_WARN_INT_CONVERSION = YES;
				CLANG_WARN_OBJC_ROOT_CLASS = YES_ERROR;
				CLANG_WARN_UNREACHABLE_CODE = YES;
				CLANG_WARN__DUPLICATE_METHOD_MATCH = YES;
				"CODE_SIGN_IDENTITY[sdk=iphoneos*]" = "iPhone Developer";
				COPY_PHASE_STRIP = NO;
				DEBUG_INFORMATION_FORMAT = "dwarf-with-dsym";
				ENABLE_STRICT_OBJC_MSGSEND = YES;
				GCC_C_LANGUAGE_STANDARD = gnu99;
				GCC_DYNAMIC_NO_PIC = NO;
				GCC_NO_COMMON_BLOCKS = YES;
				GCC_OPTIMIZATION_LEVEL = 0;
				GCC_PREPROCESSOR_DEFINITIONS = (
					"DEBUG=1",
					"$(inherited)",
				);
				GCC_SYMBOLS_PRIVATE_EXTERN = NO;
				GCC_WARN_64_TO_32_BIT_CONVERSION = YES;
				GCC_WARN_ABOUT_RETURN_TYPE = YES_ERROR;
				GCC_WARN_UNDECLARED_SELECTOR = YES;
				GCC_WARN_UNINITIALIZED_AUTOS = YES_AGGRESSIVE;
				GCC_WARN_UNUSED_FUNCTION = YES;
				GCC_WARN_UNUSED_VARIABLE = YES;
				IPHONEOS_DEPLOYMENT_TARGET = 8.3;
				MTL_ENABLE_DEBUG_INFO = YES;
				ONLY_ACTIVE_ARCH = YES;
				SDKROOT = iphoneos;
				SWIFT_OPTIMIZATION_LEVEL = "-Onone";
				TARGETED_DEVICE_FAMILY = "1,2";
			};
			name = Debug;
		};
		598C773A1B1421A000C3C8DF /* Release */ = {
			isa = XCBuildConfiguration;
			buildSettings = {
				ALWAYS_SEARCH_USER_PATHS = NO;
				CLANG_CXX_LANGUAGE_STANDARD = "gnu++0x";
				CLANG_CXX_LIBRARY = "libc++";
				CLANG_ENABLE_MODULES = YES;
				CLANG_ENABLE_OBJC_ARC = YES;
				CLANG_WARN_BOOL_CONVERSION = YES;
				CLANG_WARN_CONSTANT_CONVERSION = YES;
				CLANG_WARN_DIRECT_OBJC_ISA_USAGE = YES_ERROR;
				CLANG_WARN_EMPTY_BODY = YES;
				CLANG_WARN_ENUM_CONVERSION = YES;
				CLANG_WARN_INT_CONVERSION = YES;
				CLANG_WARN_OBJC_ROOT_CLASS = YES_ERROR;
				CLANG_WARN_UNREACHABLE_CODE = YES;
				CLANG_WARN__DUPLICATE_METHOD_MATCH = YES;
				"CODE_SIGN_IDENTITY[sdk=iphoneos*]" = "iPhone Developer";
				COPY_PHASE_STRIP = NO;
				DEBUG_INFORMATION_FORMAT = "dwarf-with-dsym";
				ENABLE_NS_ASSERTIONS = NO;
				ENABLE_STRICT_OBJC_MSGSEND = YES;
				GCC_C_LANGUAGE_STANDARD = gnu99;
				GCC_NO_COMMON_BLOCKS = YES;
				GCC_WARN_64_TO_32_BIT_CONVERSION = YES;
				GCC_WARN_ABOUT_RETURN_TYPE = YES_ERROR;
				GCC_WARN_UNDECLARED_SELECTOR = YES;
				GCC_WARN_UNINITIALIZED_AUTOS = YES_AGGRESSIVE;
				GCC_WARN_UNUSED_FUNCTION = YES;
				GCC_WARN_UNUSED_VARIABLE = YES;
				IPHONEOS_DEPLOYMENT_TARGET = 8.3;
				MTL_ENABLE_DEBUG_INFO = NO;
				SDKROOT = iphoneos;
				TARGETED_DEVICE_FAMILY = "1,2";
				VALIDATE_PRODUCT = YES;
			};
			name = Release;
		};
		598C773C1B1421A000C3C8DF /* Debug */ = {
			isa = XCBuildConfiguration;
			buildSettings = {
				ASSETCATALOG_COMPILER_APPICON_NAME = AppIcon;
				INFOPLIST_FILE = Postcard/Info.plist;
				LD_RUNPATH_SEARCH_PATHS = "$(inherited) @executable_path/Frameworks";
				PRODUCT_NAME = "$(TARGET_NAME)";
			};
			name = Debug;
		};
		598C773D1B1421A000C3C8DF /* Release */ = {
			isa = XCBuildConfiguration;
			buildSettings = {
				ASSETCATALOG_COMPILER_APPICON_NAME = AppIcon;
				INFOPLIST_FILE = Postcard/Info.plist;
				LD_RUNPATH_SEARCH_PATHS = "$(inherited) @executable_path/Frameworks";
				PRODUCT_NAME = "$(TARGET_NAME)";
			};
			name = Release;
		};
		598C773F1B1421A000C3C8DF /* Debug */ = {
			isa = XCBuildConfiguration;
			buildSettings = {
				BUNDLE_LOADER = "$(TEST_HOST)";
				FRAMEWORK_SEARCH_PATHS = (
					"$(SDKROOT)/Developer/Library/Frameworks",
					"$(inherited)",
				);
				GCC_PREPROCESSOR_DEFINITIONS = (
					"DEBUG=1",
					"$(inherited)",
				);
				INFOPLIST_FILE = PostcardTests/Info.plist;
				LD_RUNPATH_SEARCH_PATHS = "$(inherited) @executable_path/Frameworks @loader_path/Frameworks";
				PRODUCT_NAME = "$(TARGET_NAME)";
				TEST_HOST = "$(BUILT_PRODUCTS_DIR)/Postcard.app/Postcard";
			};
			name = Debug;
		};
		598C77401B1421A000C3C8DF /* Release */ = {
			isa = XCBuildConfiguration;
			buildSettings = {
				BUNDLE_LOADER = "$(TEST_HOST)";
				FRAMEWORK_SEARCH_PATHS = (
					"$(SDKROOT)/Developer/Library/Frameworks",
					"$(inherited)",
				);
				INFOPLIST_FILE = PostcardTests/Info.plist;
				LD_RUNPATH_SEARCH_PATHS = "$(inherited) @executable_path/Frameworks @loader_path/Frameworks";
				PRODUCT_NAME = "$(TARGET_NAME)";
				TEST_HOST = "$(BUILT_PRODUCTS_DIR)/Postcard.app/Postcard";
			};
			name = Release;
		};
/* End XCBuildConfiguration section */

/* Begin XCConfigurationList section */
		598C77171B14219E00C3C8DF /* Build configuration list for PBXProject "Postcard" */ = {
			isa = XCConfigurationList;
			buildConfigurations = (
				598C77391B1421A000C3C8DF /* Debug */,
				598C773A1B1421A000C3C8DF /* Release */,
			);
			defaultConfigurationIsVisible = 0;
			defaultConfigurationName = Release;
		};
		598C773B1B1421A000C3C8DF /* Build configuration list for PBXNativeTarget "Postcard" */ = {
			isa = XCConfigurationList;
			buildConfigurations = (
				598C773C1B1421A000C3C8DF /* Debug */,
				598C773D1B1421A000C3C8DF /* Release */,
			);
			defaultConfigurationIsVisible = 0;
		};
		598C773E1B1421A000C3C8DF /* Build configuration list for PBXNativeTarget "PostcardTests" */ = {
			isa = XCConfigurationList;
			buildConfigurations = (
				598C773F1B1421A000C3C8DF /* Debug */,
				598C77401B1421A000C3C8DF /* Release */,
			);
			defaultConfigurationIsVisible = 0;
		};
/* End XCConfigurationList section */
	};
	rootObject = 598C77141B14219E00C3C8DF /* Project object */;
}
